// !$*UTF8*$!
{
	archiveVersion = 1;
	classes = {
	};
	objectVersion = 50;
	objects = {

/* Begin PBXBuildFile section */
		644F9C3520ECB34400EB0B48 /* AppDelegate.m in Sources */ = {isa = PBXBuildFile; fileRef = 644F9C3420ECB34400EB0B48 /* AppDelegate.m */; };
		644F9C3820ECB34400EB0B48 /* ViewController.m in Sources */ = {isa = PBXBuildFile; fileRef = 644F9C3720ECB34400EB0B48 /* ViewController.m */; };
		644F9C3B20ECB34400EB0B48 /* Main.storyboard in Resources */ = {isa = PBXBuildFile; fileRef = 644F9C3920ECB34400EB0B48 /* Main.storyboard */; };
		644F9C3D20ECB34500EB0B48 /* Assets.xcassets in Resources */ = {isa = PBXBuildFile; fileRef = 644F9C3C20ECB34500EB0B48 /* Assets.xcassets */; };
		644F9C4020ECB34500EB0B48 /* LaunchScreen.storyboard in Resources */ = {isa = PBXBuildFile; fileRef = 644F9C3E20ECB34500EB0B48 /* LaunchScreen.storyboard */; };
		644F9C4320ECB34500EB0B48 /* main.m in Sources */ = {isa = PBXBuildFile; fileRef = 644F9C4220ECB34500EB0B48 /* main.m */; };
		644F9C4D20ECB34600EB0B48 /* NativeHybridRNProjTests.m in Sources */ = {isa = PBXBuildFile; fileRef = 644F9C4C20ECB34600EB0B48 /* NativeHybridRNProjTests.m */; };
		644F9C5820ECB34600EB0B48 /* NativeHybridRNProjUITests.m in Sources */ = {isa = PBXBuildFile; fileRef = 644F9C5720ECB34600EB0B48 /* NativeHybridRNProjUITests.m */; };
		64C415F420ECC4E600F3B222 /* RNMeModuleVC.m in Sources */ = {isa = PBXBuildFile; fileRef = 64C415F320ECC4E600F3B222 /* RNMeModuleVC.m */; };
		B72611D5D841D72B99F8E374 /* Pods_NativeHybridRNProj.framework in Frameworks */ = {isa = PBXBuildFile; fileRef = FF1620BE41FB90BFAFCAAD2E /* Pods_NativeHybridRNProj.framework */; };
/* End PBXBuildFile section */

/* Begin PBXContainerItemProxy section */
		644F9C4920ECB34600EB0B48 /* PBXContainerItemProxy */ = {
			isa = PBXContainerItemProxy;
			containerPortal = 644F9C2820ECB34400EB0B48 /* Project object */;
			proxyType = 1;
			remoteGlobalIDString = 644F9C2F20ECB34400EB0B48;
			remoteInfo = NativeHybridRNProj;
		};
		644F9C5420ECB34600EB0B48 /* PBXContainerItemProxy */ = {
			isa = PBXContainerItemProxy;
			containerPortal = 644F9C2820ECB34400EB0B48 /* Project object */;
			proxyType = 1;
			remoteGlobalIDString = 644F9C2F20ECB34400EB0B48;
			remoteInfo = NativeHybridRNProj;
		};
/* End PBXContainerItemProxy section */

/* Begin PBXFileReference section */
		418BBFE26CE9845AE0931059 /* Pods-NativeHybridRNProj.release.xcconfig */ = {isa = PBXFileReference; includeInIndex = 1; lastKnownFileType = text.xcconfig; name = "Pods-NativeHybridRNProj.release.xcconfig"; path = "Pods/Target Support Files/Pods-NativeHybridRNProj/Pods-NativeHybridRNProj.release.xcconfig"; sourceTree = "<group>"; };
		644F9C3020ECB34400EB0B48 /* NativeHybridRNProj.app */ = {isa = PBXFileReference; explicitFileType = wrapper.application; includeInIndex = 0; path = NativeHybridRNProj.app; sourceTree = BUILT_PRODUCTS_DIR; };
		644F9C3320ECB34400EB0B48 /* AppDelegate.h */ = {isa = PBXFileReference; lastKnownFileType = sourcecode.c.h; path = AppDelegate.h; sourceTree = "<group>"; };
		644F9C3420ECB34400EB0B48 /* AppDelegate.m */ = {isa = PBXFileReference; lastKnownFileType = sourcecode.c.objc; path = AppDelegate.m; sourceTree = "<group>"; };
		644F9C3620ECB34400EB0B48 /* ViewController.h */ = {isa = PBXFileReference; lastKnownFileType = sourcecode.c.h; path = ViewController.h; sourceTree = "<group>"; };
		644F9C3720ECB34400EB0B48 /* ViewController.m */ = {isa = PBXFileReference; lastKnownFileType = sourcecode.c.objc; path = ViewController.m; sourceTree = "<group>"; };
		644F9C3A20ECB34400EB0B48 /* Base */ = {isa = PBXFileReference; lastKnownFileType = file.storyboard; name = Base; path = Base.lproj/Main.storyboard; sourceTree = "<group>"; };
		644F9C3C20ECB34500EB0B48 /* Assets.xcassets */ = {isa = PBXFileReference; lastKnownFileType = folder.assetcatalog; path = Assets.xcassets; sourceTree = "<group>"; };
		644F9C3F20ECB34500EB0B48 /* Base */ = {isa = PBXFileReference; lastKnownFileType = file.storyboard; name = Base; path = Base.lproj/LaunchScreen.storyboard; sourceTree = "<group>"; };
		644F9C4120ECB34500EB0B48 /* Info.plist */ = {isa = PBXFileReference; lastKnownFileType = text.plist.xml; path = Info.plist; sourceTree = "<group>"; };
		644F9C4220ECB34500EB0B48 /* main.m */ = {isa = PBXFileReference; lastKnownFileType = sourcecode.c.objc; path = main.m; sourceTree = "<group>"; };
		644F9C4820ECB34600EB0B48 /* NativeHybridRNProjTests.xctest */ = {isa = PBXFileReference; explicitFileType = wrapper.cfbundle; includeInIndex = 0; path = NativeHybridRNProjTests.xctest; sourceTree = BUILT_PRODUCTS_DIR; };
		644F9C4C20ECB34600EB0B48 /* NativeHybridRNProjTests.m */ = {isa = PBXFileReference; lastKnownFileType = sourcecode.c.objc; path = NativeHybridRNProjTests.m; sourceTree = "<group>"; };
		644F9C4E20ECB34600EB0B48 /* Info.plist */ = {isa = PBXFileReference; lastKnownFileType = text.plist.xml; path = Info.plist; sourceTree = "<group>"; };
		644F9C5320ECB34600EB0B48 /* NativeHybridRNProjUITests.xctest */ = {isa = PBXFileReference; explicitFileType = wrapper.cfbundle; includeInIndex = 0; path = NativeHybridRNProjUITests.xctest; sourceTree = BUILT_PRODUCTS_DIR; };
		644F9C5720ECB34600EB0B48 /* NativeHybridRNProjUITests.m */ = {isa = PBXFileReference; lastKnownFileType = sourcecode.c.objc; path = NativeHybridRNProjUITests.m; sourceTree = "<group>"; };
		644F9C5920ECB34600EB0B48 /* Info.plist */ = {isa = PBXFileReference; lastKnownFileType = text.plist.xml; path = Info.plist; sourceTree = "<group>"; };
		64C415F220ECC4E600F3B222 /* RNMeModuleVC.h */ = {isa = PBXFileReference; lastKnownFileType = sourcecode.c.h; path = RNMeModuleVC.h; sourceTree = "<group>"; };
		64C415F320ECC4E600F3B222 /* RNMeModuleVC.m */ = {isa = PBXFileReference; lastKnownFileType = sourcecode.c.objc; path = RNMeModuleVC.m; sourceTree = "<group>"; };
		A2FF50B32866C0CC1CA32C26 /* Pods-NativeHybridRNProj.debug.xcconfig */ = {isa = PBXFileReference; includeInIndex = 1; lastKnownFileType = text.xcconfig; name = "Pods-NativeHybridRNProj.debug.xcconfig"; path = "Pods/Target Support Files/Pods-NativeHybridRNProj/Pods-NativeHybridRNProj.debug.xcconfig"; sourceTree = "<group>"; };
		FF1620BE41FB90BFAFCAAD2E /* Pods_NativeHybridRNProj.framework */ = {isa = PBXFileReference; explicitFileType = wrapper.framework; includeInIndex = 0; path = Pods_NativeHybridRNProj.framework; sourceTree = BUILT_PRODUCTS_DIR; };
/* End PBXFileReference section */

/* Begin PBXFrameworksBuildPhase section */
		644F9C2D20ECB34400EB0B48 /* Frameworks */ = {
			isa = PBXFrameworksBuildPhase;
			buildActionMask = 2147483647;
			files = (
				B72611D5D841D72B99F8E374 /* Pods_NativeHybridRNProj.framework in Frameworks */,
			);
			runOnlyForDeploymentPostprocessing = 0;
		};
		644F9C4520ECB34600EB0B48 /* Frameworks */ = {
			isa = PBXFrameworksBuildPhase;
			buildActionMask = 2147483647;
			files = (
			);
			runOnlyForDeploymentPostprocessing = 0;
		};
		644F9C5020ECB34600EB0B48 /* Frameworks */ = {
			isa = PBXFrameworksBuildPhase;
			buildActionMask = 2147483647;
			files = (
			);
			runOnlyForDeploymentPostprocessing = 0;
		};
/* End PBXFrameworksBuildPhase section */

/* Begin PBXGroup section */
		3BC858A8CF6A84716ACBC1B4 /* Frameworks */ = {
			isa = PBXGroup;
			children = (
				FF1620BE41FB90BFAFCAAD2E /* Pods_NativeHybridRNProj.framework */,
			);
			name = Frameworks;
			sourceTree = "<group>";
		};
		4AD3BDDA9B8B553C1F58ED14 /* Pods */ = {
			isa = PBXGroup;
			children = (
				A2FF50B32866C0CC1CA32C26 /* Pods-NativeHybridRNProj.debug.xcconfig */,
				418BBFE26CE9845AE0931059 /* Pods-NativeHybridRNProj.release.xcconfig */,
			);
			name = Pods;
			sourceTree = "<group>";
		};
		644F9C2720ECB34400EB0B48 = {
			isa = PBXGroup;
			children = (
				644F9C3220ECB34400EB0B48 /* NativeHybridRNProj */,
				644F9C4B20ECB34600EB0B48 /* NativeHybridRNProjTests */,
				644F9C5620ECB34600EB0B48 /* NativeHybridRNProjUITests */,
				644F9C3120ECB34400EB0B48 /* Products */,
				4AD3BDDA9B8B553C1F58ED14 /* Pods */,
				3BC858A8CF6A84716ACBC1B4 /* Frameworks */,
			);
			sourceTree = "<group>";
		};
		644F9C3120ECB34400EB0B48 /* Products */ = {
			isa = PBXGroup;
			children = (
				644F9C3020ECB34400EB0B48 /* NativeHybridRNProj.app */,
				644F9C4820ECB34600EB0B48 /* NativeHybridRNProjTests.xctest */,
				644F9C5320ECB34600EB0B48 /* NativeHybridRNProjUITests.xctest */,
			);
			name = Products;
			sourceTree = "<group>";
		};
		644F9C3220ECB34400EB0B48 /* NativeHybridRNProj */ = {
			isa = PBXGroup;
			children = (
				644F9C3320ECB34400EB0B48 /* AppDelegate.h */,
				644F9C3420ECB34400EB0B48 /* AppDelegate.m */,
				644F9C3620ECB34400EB0B48 /* ViewController.h */,
				644F9C3720ECB34400EB0B48 /* ViewController.m */,
				64C415F220ECC4E600F3B222 /* RNMeModuleVC.h */,
				64C415F320ECC4E600F3B222 /* RNMeModuleVC.m */,
				644F9C3920ECB34400EB0B48 /* Main.storyboard */,
				644F9C3C20ECB34500EB0B48 /* Assets.xcassets */,
				644F9C3E20ECB34500EB0B48 /* LaunchScreen.storyboard */,
				644F9C4120ECB34500EB0B48 /* Info.plist */,
				644F9C4220ECB34500EB0B48 /* main.m */,
			);
			path = NativeHybridRNProj;
			sourceTree = "<group>";
		};
		644F9C4B20ECB34600EB0B48 /* NativeHybridRNProjTests */ = {
			isa = PBXGroup;
			children = (
				644F9C4C20ECB34600EB0B48 /* NativeHybridRNProjTests.m */,
				644F9C4E20ECB34600EB0B48 /* Info.plist */,
			);
			path = NativeHybridRNProjTests;
			sourceTree = "<group>";
		};
		644F9C5620ECB34600EB0B48 /* NativeHybridRNProjUITests */ = {
			isa = PBXGroup;
			children = (
				644F9C5720ECB34600EB0B48 /* NativeHybridRNProjUITests.m */,
				644F9C5920ECB34600EB0B48 /* Info.plist */,
			);
			path = NativeHybridRNProjUITests;
			sourceTree = "<group>";
		};
/* End PBXGroup section */

/* Begin PBXNativeTarget section */
		644F9C2F20ECB34400EB0B48 /* NativeHybridRNProj */ = {
			isa = PBXNativeTarget;
			buildConfigurationList = 644F9C5C20ECB34600EB0B48 /* Build configuration list for PBXNativeTarget "NativeHybridRNProj" */;
			buildPhases = (
				512CD373E23EC4A31D89E227 /* [CP] Check Pods Manifest.lock */,
				644F9C2C20ECB34400EB0B48 /* Sources */,
				644F9C2D20ECB34400EB0B48 /* Frameworks */,
				644F9C2E20ECB34400EB0B48 /* Resources */,
				CBE8C3D68EC132384930AFA4 /* [CP] Embed Pods Frameworks */,
				7DD76B92518E285C39D43B27 /* [CP] Copy Pods Resources */,
			);
			buildRules = (
			);
			dependencies = (
			);
			name = NativeHybridRNProj;
			productName = NativeHybridRNProj;
			productReference = 644F9C3020ECB34400EB0B48 /* NativeHybridRNProj.app */;
			productType = "com.apple.product-type.application";
		};
		644F9C4720ECB34600EB0B48 /* NativeHybridRNProjTests */ = {
			isa = PBXNativeTarget;
			buildConfigurationList = 644F9C5F20ECB34600EB0B48 /* Build configuration list for PBXNativeTarget "NativeHybridRNProjTests" */;
			buildPhases = (
				644F9C4420ECB34600EB0B48 /* Sources */,
				644F9C4520ECB34600EB0B48 /* Frameworks */,
				644F9C4620ECB34600EB0B48 /* Resources */,
			);
			buildRules = (
			);
			dependencies = (
				644F9C4A20ECB34600EB0B48 /* PBXTargetDependency */,
			);
			name = NativeHybridRNProjTests;
			productName = NativeHybridRNProjTests;
			productReference = 644F9C4820ECB34600EB0B48 /* NativeHybridRNProjTests.xctest */;
			productType = "com.apple.product-type.bundle.unit-test";
		};
		644F9C5220ECB34600EB0B48 /* NativeHybridRNProjUITests */ = {
			isa = PBXNativeTarget;
			buildConfigurationList = 644F9C6220ECB34600EB0B48 /* Build configuration list for PBXNativeTarget "NativeHybridRNProjUITests" */;
			buildPhases = (
				644F9C4F20ECB34600EB0B48 /* Sources */,
				644F9C5020ECB34600EB0B48 /* Frameworks */,
				644F9C5120ECB34600EB0B48 /* Resources */,
			);
			buildRules = (
			);
			dependencies = (
				644F9C5520ECB34600EB0B48 /* PBXTargetDependency */,
			);
			name = NativeHybridRNProjUITests;
			productName = NativeHybridRNProjUITests;
			productReference = 644F9C5320ECB34600EB0B48 /* NativeHybridRNProjUITests.xctest */;
			productType = "com.apple.product-type.bundle.ui-testing";
		};
/* End PBXNativeTarget section */

/* Begin PBXProject section */
		644F9C2820ECB34400EB0B48 /* Project object */ = {
			isa = PBXProject;
			attributes = {
				LastUpgradeCheck = 0940;
				ORGANIZATIONNAME = sihenggroup;
				TargetAttributes = {
					644F9C2F20ECB34400EB0B48 = {
						CreatedOnToolsVersion = 9.4.1;
					};
					644F9C4720ECB34600EB0B48 = {
						CreatedOnToolsVersion = 9.4.1;
						TestTargetID = 644F9C2F20ECB34400EB0B48;
					};
					644F9C5220ECB34600EB0B48 = {
						CreatedOnToolsVersion = 9.4.1;
						TestTargetID = 644F9C2F20ECB34400EB0B48;
					};
				};
			};
			buildConfigurationList = 644F9C2B20ECB34400EB0B48 /* Build configuration list for PBXProject "NativeHybridRNProj" */;
			compatibilityVersion = "Xcode 9.3";
			developmentRegion = en;
			hasScannedForEncodings = 0;
			knownRegions = (
				en,
				Base,
			);
			mainGroup = 644F9C2720ECB34400EB0B48;
			productRefGroup = 644F9C3120ECB34400EB0B48 /* Products */;
			projectDirPath = "";
			projectRoot = "";
			targets = (
				644F9C2F20ECB34400EB0B48 /* NativeHybridRNProj */,
				644F9C4720ECB34600EB0B48 /* NativeHybridRNProjTests */,
				644F9C5220ECB34600EB0B48 /* NativeHybridRNProjUITests */,
			);
		};
/* End PBXProject section */

/* Begin PBXResourcesBuildPhase section */
		644F9C2E20ECB34400EB0B48 /* Resources */ = {
			isa = PBXResourcesBuildPhase;
			buildActionMask = 2147483647;
			files = (
				644F9C4020ECB34500EB0B48 /* LaunchScreen.storyboard in Resources */,
				644F9C3D20ECB34500EB0B48 /* Assets.xcassets in Resources */,
				644F9C3B20ECB34400EB0B48 /* Main.storyboard in Resources */,
			);
			runOnlyForDeploymentPostprocessing = 0;
		};
		644F9C4620ECB34600EB0B48 /* Resources */ = {
			isa = PBXResourcesBuildPhase;
			buildActionMask = 2147483647;
			files = (
			);
			runOnlyForDeploymentPostprocessing = 0;
		};
		644F9C5120ECB34600EB0B48 /* Resources */ = {
			isa = PBXResourcesBuildPhase;
			buildActionMask = 2147483647;
			files = (
			);
			runOnlyForDeploymentPostprocessing = 0;
		};
/* End PBXResourcesBuildPhase section */

/* Begin PBXShellScriptBuildPhase section */
		512CD373E23EC4A31D89E227 /* [CP] Check Pods Manifest.lock */ = {
			isa = PBXShellScriptBuildPhase;
			buildActionMask = 2147483647;
			files = (
			);
			inputPaths = (
				"${PODS_PODFILE_DIR_PATH}/Podfile.lock",
				"${PODS_ROOT}/Manifest.lock",
			);
			name = "[CP] Check Pods Manifest.lock";
			outputPaths = (
				"$(DERIVED_FILE_DIR)/Pods-NativeHybridRNProj-checkManifestLockResult.txt",
			);
			runOnlyForDeploymentPostprocessing = 0;
			shellPath = /bin/sh;
			shellScript = "diff \"${PODS_PODFILE_DIR_PATH}/Podfile.lock\" \"${PODS_ROOT}/Manifest.lock\" > /dev/null\nif [ $? != 0 ] ; then\n    # print error to STDERR\n    echo \"error: The sandbox is not in sync with the Podfile.lock. Run 'pod install' or update your CocoaPods installation.\" >&2\n    exit 1\nfi\n# This output is used by Xcode 'outputs' to avoid re-running this script phase.\necho \"SUCCESS\" > \"${SCRIPT_OUTPUT_FILE_0}\"\n";
			showEnvVarsInLog = 0;
		};
		7DD76B92518E285C39D43B27 /* [CP] Copy Pods Resources */ = {
			isa = PBXShellScriptBuildPhase;
			buildActionMask = 2147483647;
			files = (
			);
			inputPaths = (
			);
			name = "[CP] Copy Pods Resources";
			outputPaths = (
			);
			runOnlyForDeploymentPostprocessing = 0;
			shellPath = /bin/sh;
			shellScript = "\"${SRCROOT}/Pods/Target Support Files/Pods-NativeHybridRNProj/Pods-NativeHybridRNProj-resources.sh\"\n";
			showEnvVarsInLog = 0;
		};
		CBE8C3D68EC132384930AFA4 /* [CP] Embed Pods Frameworks */ = {
			isa = PBXShellScriptBuildPhase;
			buildActionMask = 2147483647;
			files = (
			);
			inputPaths = (
				"${SRCROOT}/Pods/Target Support Files/Pods-NativeHybridRNProj/Pods-NativeHybridRNProj-frameworks.sh",
				"${BUILT_PRODUCTS_DIR}/DoubleConversion/DoubleConversion.framework",
				"${BUILT_PRODUCTS_DIR}/Folly/folly.framework",
				"${BUILT_PRODUCTS_DIR}/React/React.framework",
				"${BUILT_PRODUCTS_DIR}/glog/glog.framework",
				"${BUILT_PRODUCTS_DIR}/yoga/yoga.framework",
			);
			name = "[CP] Embed Pods Frameworks";
			outputPaths = (
				"${TARGET_BUILD_DIR}/${FRAMEWORKS_FOLDER_PATH}/DoubleConversion.framework",
				"${TARGET_BUILD_DIR}/${FRAMEWORKS_FOLDER_PATH}/folly.framework",
				"${TARGET_BUILD_DIR}/${FRAMEWORKS_FOLDER_PATH}/React.framework",
				"${TARGET_BUILD_DIR}/${FRAMEWORKS_FOLDER_PATH}/glog.framework",
				"${TARGET_BUILD_DIR}/${FRAMEWORKS_FOLDER_PATH}/yoga.framework",
			);
			runOnlyForDeploymentPostprocessing = 0;
			shellPath = /bin/sh;
			shellScript = "\"${SRCROOT}/Pods/Target Support Files/Pods-NativeHybridRNProj/Pods-NativeHybridRNProj-frameworks.sh\"\n";
			showEnvVarsInLog = 0;
		};
/* End PBXShellScriptBuildPhase section */

/* Begin PBXSourcesBuildPhase section */
		644F9C2C20ECB34400EB0B48 /* Sources */ = {
			isa = PBXSourcesBuildPhase;
			buildActionMask = 2147483647;
			files = (
				644F9C3820ECB34400EB0B48 /* ViewController.m in Sources */,
				644F9C4320ECB34500EB0B48 /* main.m in Sources */,
				64C415F420ECC4E600F3B222 /* RNMeModuleVC.m in Sources */,
				644F9C3520ECB34400EB0B48 /* AppDelegate.m in Sources */,
			);
			runOnlyForDeploymentPostprocessing = 0;
		};
		644F9C4420ECB34600EB0B48 /* Sources */ = {
			isa = PBXSourcesBuildPhase;
			buildActionMask = 2147483647;
			files = (
				644F9C4D20ECB34600EB0B48 /* NativeHybridRNProjTests.m in Sources */,
			);
			runOnlyForDeploymentPostprocessing = 0;
		};
		644F9C4F20ECB34600EB0B48 /* Sources */ = {
			isa = PBXSourcesBuildPhase;
			buildActionMask = 2147483647;
			files = (
				644F9C5820ECB34600EB0B48 /* NativeHybridRNProjUITests.m in Sources */,
			);
			runOnlyForDeploymentPostprocessing = 0;
		};
/* End PBXSourcesBuildPhase section */

/* Begin PBXTargetDependency section */
		644F9C4A20ECB34600EB0B48 /* PBXTargetDependency */ = {
			isa = PBXTargetDependency;
			target = 644F9C2F20ECB34400EB0B48 /* NativeHybridRNProj */;
			targetProxy = 644F9C4920ECB34600EB0B48 /* PBXContainerItemProxy */;
		};
		644F9C5520ECB34600EB0B48 /* PBXTargetDependency */ = {
			isa = PBXTargetDependency;
			target = 644F9C2F20ECB34400EB0B48 /* NativeHybridRNProj */;
			targetProxy = 644F9C5420ECB34600EB0B48 /* PBXContainerItemProxy */;
		};
/* End PBXTargetDependency section */

/* Begin PBXVariantGroup section */
		644F9C3920ECB34400EB0B48 /* Main.storyboard */ = {
			isa = PBXVariantGroup;
			children = (
				644F9C3A20ECB34400EB0B48 /* Base */,
			);
			name = Main.storyboard;
			sourceTree = "<group>";
		};
		644F9C3E20ECB34500EB0B48 /* LaunchScreen.storyboard */ = {
			isa = PBXVariantGroup;
			children = (
				644F9C3F20ECB34500EB0B48 /* Base */,
			);
			name = LaunchScreen.storyboard;
			sourceTree = "<group>";
		};
/* End PBXVariantGroup section */

/* Begin XCBuildConfiguration section */
		644F9C5A20ECB34600EB0B48 /* Debug */ = {
			isa = XCBuildConfiguration;
			buildSettings = {
				ALWAYS_SEARCH_USER_PATHS = NO;
				CLANG_ANALYZER_NONNULL = YES;
				CLANG_ANALYZER_NUMBER_OBJECT_CONVERSION = YES_AGGRESSIVE;
				CLANG_CXX_LANGUAGE_STANDARD = "gnu++14";
				CLANG_CXX_LIBRARY = "libc++";
				CLANG_ENABLE_MODULES = YES;
				CLANG_ENABLE_OBJC_ARC = YES;
				CLANG_ENABLE_OBJC_WEAK = YES;
				CLANG_WARN_BLOCK_CAPTURE_AUTORELEASING = YES;
				CLANG_WARN_BOOL_CONVERSION = YES;
				CLANG_WARN_COMMA = YES;
				CLANG_WARN_CONSTANT_CONVERSION = YES;
				CLANG_WARN_DEPRECATED_OBJC_IMPLEMENTATIONS = YES;
				CLANG_WARN_DIRECT_OBJC_ISA_USAGE = YES_ERROR;
				CLANG_WARN_DOCUMENTATION_COMMENTS = YES;
				CLANG_WARN_EMPTY_BODY = YES;
				CLANG_WARN_ENUM_CONVERSION = YES;
				CLANG_WARN_INFINITE_RECURSION = YES;
				CLANG_WARN_INT_CONVERSION = YES;
				CLANG_WARN_NON_LITERAL_NULL_CONVERSION = YES;
				CLANG_WARN_OBJC_IMPLICIT_RETAIN_SELF = YES;
				CLANG_WARN_OBJC_LITERAL_CONVERSION = YES;
				CLANG_WARN_OBJC_ROOT_CLASS = YES_ERROR;
				CLANG_WARN_RANGE_LOOP_ANALYSIS = YES;
				CLANG_WARN_STRICT_PROTOTYPES = YES;
				CLANG_WARN_SUSPICIOUS_MOVE = YES;
				CLANG_WARN_UNGUARDED_AVAILABILITY = YES_AGGRESSIVE;
				CLANG_WARN_UNREACHABLE_CODE = YES;
				CLANG_WARN__DUPLICATE_METHOD_MATCH = YES;
				CODE_SIGN_IDENTITY = "iPhone Developer";
				COPY_PHASE_STRIP = NO;
				DEBUG_INFORMATION_FORMAT = dwarf;
				ENABLE_STRICT_OBJC_MSGSEND = YES;
				ENABLE_TESTABILITY = YES;
				GCC_C_LANGUAGE_STANDARD = gnu11;
				GCC_DYNAMIC_NO_PIC = NO;
				GCC_NO_COMMON_BLOCKS = YES;
				GCC_OPTIMIZATION_LEVEL = 0;
				GCC_PREPROCESSOR_DEFINITIONS = (
					"DEBUG=1",
					"$(inherited)",
				);
				GCC_WARN_64_TO_32_BIT_CONVERSION = YES;
				GCC_WARN_ABOUT_RETURN_TYPE = YES_ERROR;
				GCC_WARN_UNDECLARED_SELECTOR = YES;
				GCC_WARN_UNINITIALIZED_AUTOS = YES_AGGRESSIVE;
				GCC_WARN_UNUSED_FUNCTION = YES;
				GCC_WARN_UNUSED_VARIABLE = YES;
				IPHONEOS_DEPLOYMENT_TARGET = 11.4;
				MTL_ENABLE_DEBUG_INFO = YES;
				ONLY_ACTIVE_ARCH = YES;
				SDKROOT = iphoneos;
			};
			name = Debug;
		};
		644F9C5B20ECB34600EB0B48 /* Release */ = {
			isa = XCBuildConfiguration;
			buildSettings = {
				ALWAYS_SEARCH_USER_PATHS = NO;
				CLANG_ANALYZER_NONNULL = YES;
				CLANG_ANALYZER_NUMBER_OBJECT_CONVERSION = YES_AGGRESSIVE;
				CLANG_CXX_LANGUAGE_STANDARD = "gnu++14";
				CLANG_CXX_LIBRARY = "libc++";
				CLANG_ENABLE_MODULES = YES;
				CLANG_ENABLE_OBJC_ARC = YES;
				CLANG_ENABLE_OBJC_WEAK = YES;
				CLANG_WARN_BLOCK_CAPTURE_AUTORELEASING = YES;
				CLANG_WARN_BOOL_CONVERSION = YES;
				CLANG_WARN_COMMA = YES;
				CLANG_WARN_CONSTANT_CONVERSION = YES;
				CLANG_WARN_DEPRECATED_OBJC_IMPLEMENTATIONS = YES;
				CLANG_WARN_DIRECT_OBJC_ISA_USAGE = YES_ERROR;
				CLANG_WARN_DOCUMENTATION_COMMENTS = YES;
				CLANG_WARN_EMPTY_BODY = YES;
				CLANG_WARN_ENUM_CONVERSION = YES;
				CLANG_WARN_INFINITE_RECURSION = YES;
				CLANG_WARN_INT_CONVERSION = YES;
				CLANG_WARN_NON_LITERAL_NULL_CONVERSION = YES;
				CLANG_WARN_OBJC_IMPLICIT_RETAIN_SELF = YES;
				CLANG_WARN_OBJC_LITERAL_CONVERSION = YES;
				CLANG_WARN_OBJC_ROOT_CLASS = YES_ERROR;
				CLANG_WARN_RANGE_LOOP_ANALYSIS = YES;
				CLANG_WARN_STRICT_PROTOTYPES = YES;
				CLANG_WARN_SUSPICIOUS_MOVE = YES;
				CLANG_WARN_UNGUARDED_AVAILABILITY = YES_AGGRESSIVE;
				CLANG_WARN_UNREACHABLE_CODE = YES;
				CLANG_WARN__DUPLICATE_METHOD_MATCH = YES;
				CODE_SIGN_IDENTITY = "iPhone Developer";
				COPY_PHASE_STRIP = NO;
				DEBUG_INFORMATION_FORMAT = "dwarf-with-dsym";
				ENABLE_NS_ASSERTIONS = NO;
				ENABLE_STRICT_OBJC_MSGSEND = YES;
				GCC_C_LANGUAGE_STANDARD = gnu11;
				GCC_NO_COMMON_BLOCKS = YES;
				GCC_WARN_64_TO_32_BIT_CONVERSION = YES;
				GCC_WARN_ABOUT_RETURN_TYPE = YES_ERROR;
				GCC_WARN_UNDECLARED_SELECTOR = YES;
				GCC_WARN_UNINITIALIZED_AUTOS = YES_AGGRESSIVE;
				GCC_WARN_UNUSED_FUNCTION = YES;
				GCC_WARN_UNUSED_VARIABLE = YES;
				IPHONEOS_DEPLOYMENT_TARGET = 11.4;
				MTL_ENABLE_DEBUG_INFO = NO;
				SDKROOT = iphoneos;
				VALIDATE_PRODUCT = YES;
			};
			name = Release;
		};
		644F9C5D20ECB34600EB0B48 /* Debug */ = {
			isa = XCBuildConfiguration;
			baseConfigurationReference = A2FF50B32866C0CC1CA32C26 /* Pods-NativeHybridRNProj.debug.xcconfig */;
			buildSettings = {
				ASSETCATALOG_COMPILER_APPICON_NAME = AppIcon;
				CODE_SIGN_STYLE = Automatic;
				DEVELOPMENT_TEAM = 75CT28DXS2;
				INFOPLIST_FILE = NativeHybridRNProj/Info.plist;
				IPHONEOS_DEPLOYMENT_TARGET = 9.0;
				LD_RUNPATH_SEARCH_PATHS = (
					"$(inherited)",
					"@executable_path/Frameworks",
				);
				PRODUCT_BUNDLE_IDENTIFIER = com.sihenggroup.NativeEmbedRNProj;
				PRODUCT_NAME = "$(TARGET_NAME)";
				TARGETED_DEVICE_FAMILY = 1;
			};
			name = Debug;
		};
		644F9C5E20ECB34600EB0B48 /* Release */ = {
			isa = XCBuildConfiguration;
			baseConfigurationReference = 418BBFE26CE9845AE0931059 /* Pods-NativeHybridRNProj.release.xcconfig */;
			buildSettings = {
				ASSETCATALOG_COMPILER_APPICON_NAME = AppIcon;
				CODE_SIGN_STYLE = Automatic;
				DEVELOPMENT_TEAM = 75CT28DXS2;
				INFOPLIST_FILE = NativeHybridRNProj/Info.plist;
				IPHONEOS_DEPLOYMENT_TARGET = 9.0;
				LD_RUNPATH_SEARCH_PATHS = (
					"$(inherited)",
					"@executable_path/Frameworks",
				);
				PRODUCT_BUNDLE_IDENTIFIER = com.sihenggroup.NativeEmbedRNProj;
				PRODUCT_NAME = "$(TARGET_NAME)";
				TARGETED_DEVICE_FAMILY = 1;
			};
			name = Release;
		};
		644F9C6020ECB34600EB0B48 /* Debug */ = {
			isa = XCBuildConfiguration;
			buildSettings = {
				BUNDLE_LOADER = "$(TEST_HOST)";
				CODE_SIGN_STYLE = Automatic;
				INFOPLIST_FILE = NativeHybridRNProjTests/Info.plist;
				LD_RUNPATH_SEARCH_PATHS = (
					"$(inherited)",
					"@executable_path/Frameworks",
					"@loader_path/Frameworks",
				);
				PRODUCT_BUNDLE_IDENTIFIER = com.sihenggroup.NativeHybridRNProjTests;
				PRODUCT_NAME = "$(TARGET_NAME)";
				TARGETED_DEVICE_FAMILY = "1,2";
				TEST_HOST = "$(BUILT_PRODUCTS_DIR)/NativeHybridRNProj.app/NativeHybridRNProj";
			};
			name = Debug;
		};
		644F9C6120ECB34600EB0B48 /* Release */ = {
			isa = XCBuildConfiguration;
			buildSettings = {
				BUNDLE_LOADER = "$(TEST_HOST)";
				CODE_SIGN_STYLE = Automatic;
				INFOPLIST_FILE = NativeHybridRNProjTests/Info.plist;
				LD_RUNPATH_SEARCH_PATHS = (
					"$(inherited)",
					"@executable_path/Frameworks",
					"@loader_path/Frameworks",
				);
				PRODUCT_BUNDLE_IDENTIFIER = com.sihenggroup.NativeHybridRNProjTests;
				PRODUCT_NAME = "$(TARGET_NAME)";
				TARGETED_DEVICE_FAMILY = "1,2";
				TEST_HOST = "$(BUILT_PRODUCTS_DIR)/NativeHybridRNProj.app/NativeHybridRNProj";
			};
			name = Release;
		};
		644F9C6320ECB34600EB0B48 /* Debug */ = {
			isa = XCBuildConfiguration;
			buildSettings = {
				CODE_SIGN_STYLE = Automatic;
				INFOPLIST_FILE = NativeHybridRNProjUITests/Info.plist;
				LD_RUNPATH_SEARCH_PATHS = (
					"$(inherited)",
					"@executable_path/Frameworks",
					"@loader_path/Frameworks",
				);
				PRODUCT_BUNDLE_IDENTIFIER = com.sihenggroup.NativeHybridRNProjUITests;
				PRODUCT_NAME = "$(TARGET_NAME)";
				TARGETED_DEVICE_FAMILY = "1,2";
				TEST_TARGET_NAME = NativeHybridRNProj;
			};
			name = Debug;
		};
		644F9C6420ECB34600EB0B48 /* Release */ = {
			isa = XCBuildConfiguration;
			buildSettings = {
				CODE_SIGN_STYLE = Automatic;
				INFOPLIST_FILE = NativeHybridRNProjUITests/Info.plist;
				LD_RUNPATH_SEARCH_PATHS = (
					"$(inherited)",
					"@executable_path/Frameworks",
					"@loader_path/Frameworks",
				);
				PRODUCT_BUNDLE_IDENTIFIER = com.sihenggroup.NativeHybridRNProjUITests;
				PRODUCT_NAME = "$(TARGET_NAME)";
				TARGETED_DEVICE_FAMILY = "1,2";
				TEST_TARGET_NAME = NativeHybridRNProj;
			};
			name = Release;
		};
/* End XCBuildConfiguration section */

/* Begin XCConfigurationList section */
		644F9C2B20ECB34400EB0B48 /* Build configuration list for PBXProject "NativeHybridRNProj" */ = {
			isa = XCConfigurationList;
			buildConfigurations = (
				644F9C5A20ECB34600EB0B48 /* Debug */,
				644F9C5B20ECB34600EB0B48 /* Release */,
			);
			defaultConfigurationIsVisible = 0;
			defaultConfigurationName = Release;
		};
		644F9C5C20ECB34600EB0B48 /* Build configuration list for PBXNativeTarget "NativeHybridRNProj" */ = {
			isa = XCConfigurationList;
			buildConfigurations = (
				644F9C5D20ECB34600EB0B48 /* Debug */,
				644F9C5E20ECB34600EB0B48 /* Release */,
			);
			defaultConfigurationIsVisible = 0;
			defaultConfigurationName = Release;
		};
		644F9C5F20ECB34600EB0B48 /* Build configuration list for PBXNativeTarget "NativeHybridRNProjTests" */ = {
			isa = XCConfigurationList;
			buildConfigurations = (
				644F9C6020ECB34600EB0B48 /* Debug */,
				644F9C6120ECB34600EB0B48 /* Release */,
			);
			defaultConfigurationIsVisible = 0;
			defaultConfigurationName = Release;
		};
		644F9C6220ECB34600EB0B48 /* Build configuration list for PBXNativeTarget "NativeHybridRNProjUITests" */ = {
			isa = XCConfigurationList;
			buildConfigurations = (
				644F9C6320ECB34600EB0B48 /* Debug */,
				644F9C6420ECB34600EB0B48 /* Release */,
			);
			defaultConfigurationIsVisible = 0;
			defaultConfigurationName = Release;
		};
/* End XCConfigurationList section */
	};
	rootObject = 644F9C2820ECB34400EB0B48 /* Project object */;
}
